// !$*UTF8*$!
{
	archiveVersion = 1;
	classes = {
	};
	objectVersion = 46;
	objects = {

/* Begin PBXBuildFile section */
		2C645B901F0978990011E925 /* AppDelegate.swift in Sources */ = {isa = PBXBuildFile; fileRef = 2C645B8F1F0978990011E925 /* AppDelegate.swift */; };
		2C645B921F0978990011E925 /* ViewController.swift in Sources */ = {isa = PBXBuildFile; fileRef = 2C645B911F0978990011E925 /* ViewController.swift */; };
		2C645B951F0978990011E925 /* Main.storyboard in Resources */ = {isa = PBXBuildFile; fileRef = 2C645B931F0978990011E925 /* Main.storyboard */; };
		2C645B971F0978990011E925 /* Assets.xcassets in Resources */ = {isa = PBXBuildFile; fileRef = 2C645B961F0978990011E925 /* Assets.xcassets */; };
		2C645B9A1F0978990011E925 /* LaunchScreen.storyboard in Resources */ = {isa = PBXBuildFile; fileRef = 2C645B981F0978990011E925 /* LaunchScreen.storyboard */; };
/* End PBXBuildFile section */

/* Begin PBXFileReference section */
		2C645B8C1F0978990011E925 /* budget-master-9000-ios.app */ = {isa = PBXFileReference; explicitFileType = wrapper.application; includeInIndex = 0; path = "budget-master-9000-ios.app"; sourceTree = BUILT_PRODUCTS_DIR; };
		2C645B8F1F0978990011E925 /* AppDelegate.swift */ = {isa = PBXFileReference; lastKnownFileType = sourcecode.swift; path = AppDelegate.swift; sourceTree = "<group>"; };
		2C645B911F0978990011E925 /* ViewController.swift */ = {isa = PBXFileReference; lastKnownFileType = sourcecode.swift; path = ViewController.swift; sourceTree = "<group>"; };
		2C645B941F0978990011E925 /* Base */ = {isa = PBXFileReference; lastKnownFileType = file.storyboard; name = Base; path = Base.lproj/Main.storyboard; sourceTree = "<group>"; };
		2C645B961F0978990011E925 /* Assets.xcassets */ = {isa = PBXFileReference; lastKnownFileType = folder.assetcatalog; path = Assets.xcassets; sourceTree = "<group>"; };
		2C645B991F0978990011E925 /* Base */ = {isa = PBXFileReference; lastKnownFileType = file.storyboard; name = Base; path = Base.lproj/LaunchScreen.storyboard; sourceTree = "<group>"; };
		2C645B9B1F0978990011E925 /* Info.plist */ = {isa = PBXFileReference; lastKnownFileType = text.plist.xml; path = Info.plist; sourceTree = "<group>"; };
/* End PBXFileReference section */

/* Begin PBXFrameworksBuildPhase section */
		2C645B891F0978990011E925 /* Frameworks */ = {
			isa = PBXFrameworksBuildPhase;
			buildActionMask = 2147483647;
			files = (
			);
			runOnlyForDeploymentPostprocessing = 0;
		};
/* End PBXFrameworksBuildPhase section */

/* Begin PBXGroup section */
		2C645B831F0978990011E925 = {
			isa = PBXGroup;
			children = (
				2C645B8E1F0978990011E925 /* budget-master-9000-ios */,
				2C645B8D1F0978990011E925 /* Products */,
			);
			sourceTree = "<group>";
		};
		2C645B8D1F0978990011E925 /* Products */ = {
			isa = PBXGroup;
			children = (
				2C645B8C1F0978990011E925 /* budget-master-9000-ios.app */,
			);
			name = Products;
			sourceTree = "<group>";
		};
		2C645B8E1F0978990011E925 /* budget-master-9000-ios */ = {
			isa = PBXGroup;
			children = (
				2C645B8F1F0978990011E925 /* AppDelegate.swift */,
				2C645B911F0978990011E925 /* ViewController.swift */,
				2C645B931F0978990011E925 /* Main.storyboard */,
				2C645B961F0978990011E925 /* Assets.xcassets */,
				2C645B981F0978990011E925 /* LaunchScreen.storyboard */,
				2C645B9B1F0978990011E925 /* Info.plist */,
			);
			path = "budget-master-9000-ios";
			sourceTree = "<group>";
		};
/* End PBXGroup section */

/* Begin PBXNativeTarget section */
		2C645B8B1F0978990011E925 /* budget-master-9000-ios */ = {
			isa = PBXNativeTarget;
			buildConfigurationList = 2C645B9E1F0978990011E925 /* Build configuration list for PBXNativeTarget "budget-master-9000-ios" */;
			buildPhases = (
				2C645B881F0978990011E925 /* Sources */,
				2C645B891F0978990011E925 /* Frameworks */,
				2C645B8A1F0978990011E925 /* Resources */,
			);
			buildRules = (
			);
			dependencies = (
			);
			name = "budget-master-9000-ios";
			productName = "budget-master-9000-ios";
			productReference = 2C645B8C1F0978990011E925 /* budget-master-9000-ios.app */;
			productType = "com.apple.product-type.application";
		};
/* End PBXNativeTarget section */

/* Begin PBXProject section */
		2C645B841F0978990011E925 /* Project object */ = {
			isa = PBXProject;
			attributes = {
				LastSwiftUpdateCheck = 0830;
				LastUpgradeCheck = 0830;
				ORGANIZATIONNAME = "Bud Manstrong";
				TargetAttributes = {
					2C645B8B1F0978990011E925 = {
						CreatedOnToolsVersion = 8.3.3;
						DevelopmentTeam = 8CAFRP4KNJ;
						ProvisioningStyle = Automatic;
					};
				};
			};
			buildConfigurationList = 2C645B871F0978990011E925 /* Build configuration list for PBXProject "budget-master-9000-ios" */;
			compatibilityVersion = "Xcode 3.2";
			developmentRegion = English;
			hasScannedForEncodings = 0;
			knownRegions = (
				en,
				Base,
			);
			mainGroup = 2C645B831F0978990011E925;
			productRefGroup = 2C645B8D1F0978990011E925 /* Products */;
			projectDirPath = "";
			projectRoot = "";
			targets = (
				2C645B8B1F0978990011E925 /* budget-master-9000-ios */,
			);
		};
/* End PBXProject section */

/* Begin PBXResourcesBuildPhase section */
		2C645B8A1F0978990011E925 /* Resources */ = {
			isa = PBXResourcesBuildPhase;
			buildActionMask = 2147483647;
			files = (
				2C645B9A1F0978990011E925 /* LaunchScreen.storyboard in Resources */,
				2C645B971F0978990011E925 /* Assets.xcassets in Resources */,
				2C645B951F0978990011E925 /* Main.storyboard in Resources */,
			);
			runOnlyForDeploymentPostprocessing = 0;
		};
/* End PBXResourcesBuildPhase section */

/* Begin PBXSourcesBuildPhase section */
		2C645B881F0978990011E925 /* Sources */ = {
			isa = PBXSourcesBuildPhase;
			buildActionMask = 2147483647;
			files = (
				2C645B921F0978990011E925 /* ViewController.swift in Sources */,
				2C645B901F0978990011E925 /* AppDelegate.swift in Sources */,
			);
			runOnlyForDeploymentPostprocessing = 0;
		};
/* End PBXSourcesBuildPhase section */

/* Begin PBXVariantGroup section */
		2C645B931F0978990011E925 /* Main.storyboard */ = {
			isa = PBXVariantGroup;
			children = (
				2C645B941F0978990011E925 /* Base */,
			);
			name = Main.storyboard;
			sourceTree = "<group>";
		};
		2C645B981F0978990011E925 /* LaunchScreen.storyboard */ = {
			isa = PBXVariantGroup;
			children = (
				2C645B991F0978990011E925 /* Base */,
			);
			name = LaunchScreen.storyboard;
			sourceTree = "<group>";
		};
/* End PBXVariantGroup section */

/* Begin XCBuildConfiguration section */
		2C645B9C1F0978990011E925 /* Debug */ = {
			isa = XCBuildConfiguration;
			buildSettings = {
				ALWAYS_SEARCH_USER_PATHS = NO;
				CLANG_ANALYZER_NONNULL = YES;
				CLANG_ANALYZER_NUMBER_OBJECT_CONVERSION = YES_AGGRESSIVE;
				CLANG_CXX_LANGUAGE_STANDARD = "gnu++0x";
				CLANG_CXX_LIBRARY = "libc++";
				CLANG_ENABLE_MODULES = YES;
				CLANG_ENABLE_OBJC_ARC = YES;
				CLANG_WARN_BOOL_CONVERSION = YES;
				CLANG_WARN_CONSTANT_CONVERSION = YES;
				CLANG_WARN_DIRECT_OBJC_ISA_USAGE = YES_ERROR;
				CLANG_WARN_DOCUMENTATION_COMMENTS = YES;
				CLANG_WARN_EMPTY_BODY = YES;
				CLANG_WARN_ENUM_CONVERSION = YES;
				CLANG_WARN_INFINITE_RECURSION = YES;
				CLANG_WARN_INT_CONVERSION = YES;
				CLANG_WARN_OBJC_ROOT_CLASS = YES_ERROR;
				CLANG_WARN_SUSPICIOUS_MOVE = YES;
				CLANG_WARN_UNREACHABLE_CODE = YES;
				CLANG_WARN__DUPLICATE_METHOD_MATCH = YES;
				"CODE_SIGN_IDENTITY[sdk=iphoneos*]" = "iPhone Developer";
				COPY_PHASE_STRIP = NO;
				DEBUG_INFORMATION_FORMAT = dwarf;
				ENABLE_STRICT_OBJC_MSGSEND = YES;
				ENABLE_TESTABILITY = YES;
				GCC_C_LANGUAGE_STANDARD = gnu99;
				GCC_DYNAMIC_NO_PIC = NO;
				GCC_NO_COMMON_BLOCKS = YES;
				GCC_OPTIMIZATION_LEVEL = 0;
				GCC_PREPROCESSOR_DEFINITIONS = (
					"DEBUG=1",
					"$(inherited)",
				);
				GCC_WARN_64_TO_32_BIT_CONVERSION = YES;
				GCC_WARN_ABOUT_RETURN_TYPE = YES_ERROR;
				GCC_WARN_UNDECLARED_SELECTOR = YES;
				GCC_WARN_UNINITIALIZED_AUTOS = YES_AGGRESSIVE;
				GCC_WARN_UNUSED_FUNCTION = YES;
				GCC_WARN_UNUSED_VARIABLE = YES;
				IPHONEOS_DEPLOYMENT_TARGET = 10.3;
				MTL_ENABLE_DEBUG_INFO = YES;
				ONLY_ACTIVE_ARCH = YES;
				SDKROOT = iphoneos;
				SWIFT_ACTIVE_COMPILATION_CONDITIONS = DEBUG;
				SWIFT_OPTIMIZATION_LEVEL = "-Onone";
			};
			name = Debug;
		};
		2C645B9D1F0978990011E925 /* Release */ = {
			isa = XCBuildConfiguration;
			buildSettings = {
				ALWAYS_SEARCH_USER_PATHS = NO;
				CLANG_ANALYZER_NONNULL = YES;
				CLANG_ANALYZER_NUMBER_OBJECT_CONVERSION = YES_AGGRESSIVE;
				CLANG_CXX_LANGUAGE_STANDARD = "gnu++0x";
				CLANG_CXX_LIBRARY = "libc++";
				CLANG_ENABLE_MODULES = YES;
				CLANG_ENABLE_OBJC_ARC = YES;
				CLANG_WARN_BOOL_CONVERSION = YES;
				CLANG_WARN_CONSTANT_CONVERSION = YES;
				CLANG_WARN_DIRECT_OBJC_ISA_USAGE = YES_ERROR;
				CLANG_WARN_DOCUMENTATION_COMMENTS = YES;
				CLANG_WARN_EMPTY_BODY = YES;
				CLANG_WARN_ENUM_CONVERSION = YES;
				CLANG_WARN_INFINITE_RECURSION = YES;
				CLANG_WARN_INT_CONVERSION = YES;
				CLANG_WARN_OBJC_ROOT_CLASS = YES_ERROR;
				CLANG_WARN_SUSPICIOUS_MOVE = YES;
				CLANG_WARN_UNREACHABLE_CODE = YES;
				CLANG_WARN__DUPLICATE_METHOD_MATCH = YES;
				"CODE_SIGN_IDENTITY[sdk=iphoneos*]" = "iPhone Developer";
				COPY_PHASE_STRIP = NO;
				DEBUG_INFORMATION_FORMAT = "dwarf-with-dsym";
				ENABLE_NS_ASSERTIONS = NO;
				ENABLE_STRICT_OBJC_MSGSEND = YES;
				GCC_C_LANGUAGE_STANDARD = gnu99;
				GCC_NO_COMMON_BLOCKS = YES;
				GCC_WARN_64_TO_32_BIT_CONVERSION = YES;
				GCC_WARN_ABOUT_RETURN_TYPE = YES_ERROR;
				GCC_WARN_UNDECLARED_SELECTOR = YES;
				GCC_WARN_UNINITIALIZED_AUTOS = YES_AGGRESSIVE;
				GCC_WARN_UNUSED_FUNCTION = YES;
				GCC_WARN_UNUSED_VARIABLE = YES;
				IPHONEOS_DEPLOYMENT_TARGET = 10.3;
				MTL_ENABLE_DEBUG_INFO = NO;
				SDKROOT = iphoneos;
				SWIFT_OPTIMIZATION_LEVEL = "-Owholemodule";
				VALIDATE_PRODUCT = YES;
			};
			name = Release;
		};
		2C645B9F1F0978990011E925 /* Debug */ = {
			isa = XCBuildConfiguration;
			buildSettings = {
				ASSETCATALOG_COMPILER_APPICON_NAME = AppIcon;
				DEVELOPMENT_TEAM = 8CAFRP4KNJ;
				INFOPLIST_FILE = "budget-master-9000-ios/Info.plist";
				LD_RUNPATH_SEARCH_PATHS = "$(inherited) @executable_path/Frameworks";
				PRODUCT_BUNDLE_IDENTIFIER = "com.budmanstrong.budget-master-9000-ios";
				PRODUCT_NAME = "$(TARGET_NAME)";
				SWIFT_VERSION = 3.0;
			};
			name = Debug;
		};
		2C645BA01F0978990011E925 /* Release */ = {
			isa = XCBuildConfiguration;
			buildSettings = {
				ASSETCATALOG_COMPILER_APPICON_NAME = AppIcon;
				DEVELOPMENT_TEAM = 8CAFRP4KNJ;
				INFOPLIST_FILE = "budget-master-9000-ios/Info.plist";
				LD_RUNPATH_SEARCH_PATHS = "$(inherited) @executable_path/Frameworks";
				PRODUCT_BUNDLE_IDENTIFIER = "com.budmanstrong.budget-master-9000-ios";
				PRODUCT_NAME = "$(TARGET_NAME)";
				SWIFT_VERSION = 3.0;
			};
			name = Release;
		};
/* End XCBuildConfiguration section */

/* Begin XCConfigurationList section */
		2C645B871F0978990011E925 /* Build configuration list for PBXProject "budget-master-9000-ios" */ = {
			isa = XCConfigurationList;
			buildConfigurations = (
				2C645B9C1F0978990011E925 /* Debug */,
				2C645B9D1F0978990011E925 /* Release */,
			);
			defaultConfigurationIsVisible = 0;
			defaultConfigurationName = Release;
		};
		2C645B9E1F0978990011E925 /* Build configuration list for PBXNativeTarget "budget-master-9000-ios" */ = {
			isa = XCConfigurationList;
			buildConfigurations = (
				2C645B9F1F0978990011E925 /* Debug */,
				2C645BA01F0978990011E925 /* Release */,
			);
			defaultConfigurationIsVisible = 0;
		};
/* End XCConfigurationList section */
	};
	rootObject = 2C645B841F0978990011E925 /* Project object */;
}
