// !$*UTF8*$!
{
	archiveVersion = 1;
	classes = {
	};
	objectVersion = 46;
	objects = {

/* Begin PBXBuildFile section */
		05B4345520D04A5F0096D63F /* CreateNewExpenseTypeViewController.swift in Sources */ = {isa = PBXBuildFile; fileRef = 05B4345420D04A5F0096D63F /* CreateNewExpenseTypeViewController.swift */; };
		2C03ED401F11608400FBABD4 /* MoreTableViewController.swift in Sources */ = {isa = PBXBuildFile; fileRef = 2C03ED3F1F11608400FBABD4 /* MoreTableViewController.swift */; };
		2C03ED441F1190E400FBABD4 /* EditSpendingThresholdViewController.swift in Sources */ = {isa = PBXBuildFile; fileRef = 2C03ED431F1190E400FBABD4 /* EditSpendingThresholdViewController.swift */; };
		2C50D4351F12970300761A10 /* BaseViewController.swift in Sources */ = {isa = PBXBuildFile; fileRef = 2C50D4341F12970300761A10 /* BaseViewController.swift */; };
		2C50D4371F12A4F300761A10 /* TabCarController.swift in Sources */ = {isa = PBXBuildFile; fileRef = 2C50D4361F12A4F300761A10 /* TabCarController.swift */; };
		2C50D43B1F130F1200761A10 /* CircleProgressView.swift in Sources */ = {isa = PBXBuildFile; fileRef = 2C50D43A1F130F1200761A10 /* CircleProgressView.swift */; };
		2C645B901F0978990011E925 /* AppDelegate.swift in Sources */ = {isa = PBXBuildFile; fileRef = 2C645B8F1F0978990011E925 /* AppDelegate.swift */; };
		2C645B951F0978990011E925 /* Main.storyboard in Resources */ = {isa = PBXBuildFile; fileRef = 2C645B931F0978990011E925 /* Main.storyboard */; };
		2C645B971F0978990011E925 /* Assets.xcassets in Resources */ = {isa = PBXBuildFile; fileRef = 2C645B961F0978990011E925 /* Assets.xcassets */; };
		2C645B9A1F0978990011E925 /* LaunchScreen.storyboard in Resources */ = {isa = PBXBuildFile; fileRef = 2C645B981F0978990011E925 /* LaunchScreen.storyboard */; };
		2C77D9CA1F0D708500CF4F1A /* GoogleService-Info.plist in Resources */ = {isa = PBXBuildFile; fileRef = 2C77D9C91F0D708500CF4F1A /* GoogleService-Info.plist */; };
		2C77D9CE1F0DB85400CF4F1A /* AggregatesTableViewCell.swift in Sources */ = {isa = PBXBuildFile; fileRef = 2C77D9CD1F0DB85400CF4F1A /* AggregatesTableViewCell.swift */; };
		2C7F9C641F5E016B00C675A1 /* ExpenseTypeTheme.swift in Sources */ = {isa = PBXBuildFile; fileRef = 2C7F9C631F5E016B00C675A1 /* ExpenseTypeTheme.swift */; };
		2CA2B4FE1F89920E003DAD87 /* Utils.swift in Sources */ = {isa = PBXBuildFile; fileRef = 2CA2B4FD1F89920E003DAD87 /* Utils.swift */; };
		2CA2B5001F899358003DAD87 /* ServiceDelegatable.swift in Sources */ = {isa = PBXBuildFile; fileRef = 2CA2B4FF1F899358003DAD87 /* ServiceDelegatable.swift */; };
		2CA430E41F5B176500307EF7 /* ExpenseTypes.swift in Sources */ = {isa = PBXBuildFile; fileRef = 2CA430E31F5B176500307EF7 /* ExpenseTypes.swift */; };
		2CADFACC1F0BFC2A009081B9 /* Colors.swift in Sources */ = {isa = PBXBuildFile; fileRef = 2CADFACB1F0BFC2A009081B9 /* Colors.swift */; };
		2CADFAD01F0C073F009081B9 /* CreateExpenseTableViewController.swift in Sources */ = {isa = PBXBuildFile; fileRef = 2CADFACF1F0C073F009081B9 /* CreateExpenseTableViewController.swift */; };
		2CB7F2411F0ADF5600C62B19 /* Expense.swift in Sources */ = {isa = PBXBuildFile; fileRef = 2CB7F2401F0ADF5600C62B19 /* Expense.swift */; };
		2CC000711F5C75650042E3E0 /* ExpenseDetailViewController.swift in Sources */ = {isa = PBXBuildFile; fileRef = 2CC000701F5C75650042E3E0 /* ExpenseDetailViewController.swift */; };
		2CD77F7A1F099E3000342FA9 /* ExpensesViewController.swift in Sources */ = {isa = PBXBuildFile; fileRef = 2CD77F791F099E3000342FA9 /* ExpensesViewController.swift */; };
		2CD77F7C1F099EB100342FA9 /* HomeViewController.swift in Sources */ = {isa = PBXBuildFile; fileRef = 2CD77F7B1F099EB100342FA9 /* HomeViewController.swift */; };
		2CE865921F0AF24500DF8E64 /* ExpenseTableViewCell.swift in Sources */ = {isa = PBXBuildFile; fileRef = 2CE865911F0AF24500DF8E64 /* ExpenseTableViewCell.swift */; };
		2CEE07091F577EF200B6D8BA /* ExpenseService.swift in Sources */ = {isa = PBXBuildFile; fileRef = 2CEE07081F577EF200B6D8BA /* ExpenseService.swift */; };
		2CF4336B1F097A3B00ECEBC8 /* User.swift in Sources */ = {isa = PBXBuildFile; fileRef = 2CF4336A1F097A3B00ECEBC8 /* User.swift */; };
		2CF433731F098AF900ECEBC8 /* AppState.swift in Sources */ = {isa = PBXBuildFile; fileRef = 2CF433721F098AF900ECEBC8 /* AppState.swift */; };
		681A2B9A20CF45BC006EE991 /* ManageExpenseTypesTableViewController.swift in Sources */ = {isa = PBXBuildFile; fileRef = 681A2B9920CF45BC006EE991 /* ManageExpenseTypesTableViewController.swift */; };
		681A2B9D20CF4641006EE991 /* ExpenseTypeTableViewCell.swift in Sources */ = {isa = PBXBuildFile; fileRef = 681A2B9C20CF4641006EE991 /* ExpenseTypeTableViewCell.swift */; };
		683F47E420D31C78000A3E39 /* ManageExpenseTypesViewController.swift in Sources */ = {isa = PBXBuildFile; fileRef = 683F47E320D31C78000A3E39 /* ManageExpenseTypesViewController.swift */; };
		6863698420D9CFE70056DCF1 /* WeekStart.swift in Sources */ = {isa = PBXBuildFile; fileRef = 6863698320D9CFE70056DCF1 /* WeekStart.swift */; };
		6863698620D9D19C0056DCF1 /* StartDayOfTheWeekTableViewController.swift in Sources */ = {isa = PBXBuildFile; fileRef = 6863698520D9D19C0056DCF1 /* StartDayOfTheWeekTableViewController.swift */; };
		68929F7120D573B000E594D0 /* SummaryAggregatesTableViewController.swift in Sources */ = {isa = PBXBuildFile; fileRef = 68929F7020D573B000E594D0 /* SummaryAggregatesTableViewController.swift */; };
		8DA948FD9A0CED8DCC7EC3C5 /* Pods_cash_master_9000.framework in Frameworks */ = {isa = PBXBuildFile; fileRef = 03540B88AEF135D71938516B /* Pods_cash_master_9000.framework */; };
/* End PBXBuildFile section */

/* Begin PBXFileReference section */
		03540B88AEF135D71938516B /* Pods_cash_master_9000.framework */ = {isa = PBXFileReference; explicitFileType = wrapper.framework; includeInIndex = 0; path = Pods_cash_master_9000.framework; sourceTree = BUILT_PRODUCTS_DIR; };
		05B4345420D04A5F0096D63F /* CreateNewExpenseTypeViewController.swift */ = {isa = PBXFileReference; lastKnownFileType = sourcecode.swift; path = CreateNewExpenseTypeViewController.swift; sourceTree = "<group>"; };
		0A93A1C1F2D524B4D0541F3D /* Pods-cash-master-9000.debug.xcconfig */ = {isa = PBXFileReference; includeInIndex = 1; lastKnownFileType = text.xcconfig; name = "Pods-cash-master-9000.debug.xcconfig"; path = "Pods/Target Support Files/Pods-cash-master-9000/Pods-cash-master-9000.debug.xcconfig"; sourceTree = "<group>"; };
		1137FDCE7721ACD27634FF57 /* Pods-budget-master-9000-ios.release.xcconfig */ = {isa = PBXFileReference; includeInIndex = 1; lastKnownFileType = text.xcconfig; name = "Pods-budget-master-9000-ios.release.xcconfig"; path = "Pods/Target Support Files/Pods-budget-master-9000-ios/Pods-budget-master-9000-ios.release.xcconfig"; sourceTree = "<group>"; };
		1480C6A83B20DE5609510851 /* Pods-cash-master-9000.release.xcconfig */ = {isa = PBXFileReference; includeInIndex = 1; lastKnownFileType = text.xcconfig; name = "Pods-cash-master-9000.release.xcconfig"; path = "Pods/Target Support Files/Pods-cash-master-9000/Pods-cash-master-9000.release.xcconfig"; sourceTree = "<group>"; };
		2C03ED3F1F11608400FBABD4 /* MoreTableViewController.swift */ = {isa = PBXFileReference; fileEncoding = 4; lastKnownFileType = sourcecode.swift; path = MoreTableViewController.swift; sourceTree = "<group>"; };
		2C03ED431F1190E400FBABD4 /* EditSpendingThresholdViewController.swift */ = {isa = PBXFileReference; fileEncoding = 4; lastKnownFileType = sourcecode.swift; path = EditSpendingThresholdViewController.swift; sourceTree = "<group>"; };
		2C50D4341F12970300761A10 /* BaseViewController.swift */ = {isa = PBXFileReference; fileEncoding = 4; lastKnownFileType = sourcecode.swift; path = BaseViewController.swift; sourceTree = "<group>"; };
		2C50D4361F12A4F300761A10 /* TabCarController.swift */ = {isa = PBXFileReference; fileEncoding = 4; lastKnownFileType = sourcecode.swift; path = TabCarController.swift; sourceTree = "<group>"; };
		2C50D43A1F130F1200761A10 /* CircleProgressView.swift */ = {isa = PBXFileReference; fileEncoding = 4; lastKnownFileType = sourcecode.swift; path = CircleProgressView.swift; sourceTree = "<group>"; };
		2C645B8C1F0978990011E925 /* cash-master-9000.app */ = {isa = PBXFileReference; explicitFileType = wrapper.application; includeInIndex = 0; path = "cash-master-9000.app"; sourceTree = BUILT_PRODUCTS_DIR; };
		2C645B8F1F0978990011E925 /* AppDelegate.swift */ = {isa = PBXFileReference; lastKnownFileType = sourcecode.swift; path = AppDelegate.swift; sourceTree = "<group>"; };
		2C645B941F0978990011E925 /* Base */ = {isa = PBXFileReference; lastKnownFileType = file.storyboard; name = Base; path = Base.lproj/Main.storyboard; sourceTree = "<group>"; };
		2C645B961F0978990011E925 /* Assets.xcassets */ = {isa = PBXFileReference; lastKnownFileType = folder.assetcatalog; path = Assets.xcassets; sourceTree = "<group>"; };
		2C645B991F0978990011E925 /* Base */ = {isa = PBXFileReference; lastKnownFileType = file.storyboard; name = Base; path = Base.lproj/LaunchScreen.storyboard; sourceTree = "<group>"; };
		2C645B9B1F0978990011E925 /* Info.plist */ = {isa = PBXFileReference; lastKnownFileType = text.plist.xml; path = Info.plist; sourceTree = "<group>"; };
		2C77D9C91F0D708500CF4F1A /* GoogleService-Info.plist */ = {isa = PBXFileReference; fileEncoding = 4; lastKnownFileType = text.plist.xml; path = "GoogleService-Info.plist"; sourceTree = "<group>"; };
		2C77D9CD1F0DB85400CF4F1A /* AggregatesTableViewCell.swift */ = {isa = PBXFileReference; fileEncoding = 4; lastKnownFileType = sourcecode.swift; path = AggregatesTableViewCell.swift; sourceTree = "<group>"; };
		2C7F9C631F5E016B00C675A1 /* ExpenseTypeTheme.swift */ = {isa = PBXFileReference; fileEncoding = 4; lastKnownFileType = sourcecode.swift; path = ExpenseTypeTheme.swift; sourceTree = "<group>"; };
		2CA2B4FD1F89920E003DAD87 /* Utils.swift */ = {isa = PBXFileReference; lastKnownFileType = sourcecode.swift; path = Utils.swift; sourceTree = "<group>"; };
		2CA2B4FF1F899358003DAD87 /* ServiceDelegatable.swift */ = {isa = PBXFileReference; lastKnownFileType = sourcecode.swift; path = ServiceDelegatable.swift; sourceTree = "<group>"; };
		2CA430E31F5B176500307EF7 /* ExpenseTypes.swift */ = {isa = PBXFileReference; fileEncoding = 4; lastKnownFileType = sourcecode.swift; path = ExpenseTypes.swift; sourceTree = "<group>"; };
		2CADFACB1F0BFC2A009081B9 /* Colors.swift */ = {isa = PBXFileReference; fileEncoding = 4; lastKnownFileType = sourcecode.swift; path = Colors.swift; sourceTree = "<group>"; };
		2CADFACF1F0C073F009081B9 /* CreateExpenseTableViewController.swift */ = {isa = PBXFileReference; fileEncoding = 4; lastKnownFileType = sourcecode.swift; path = CreateExpenseTableViewController.swift; sourceTree = "<group>"; };
		2CB7F2401F0ADF5600C62B19 /* Expense.swift */ = {isa = PBXFileReference; fileEncoding = 4; lastKnownFileType = sourcecode.swift; path = Expense.swift; sourceTree = "<group>"; };
		2CC000701F5C75650042E3E0 /* ExpenseDetailViewController.swift */ = {isa = PBXFileReference; fileEncoding = 4; lastKnownFileType = sourcecode.swift; path = ExpenseDetailViewController.swift; sourceTree = "<group>"; };
		2CD77F791F099E3000342FA9 /* ExpensesViewController.swift */ = {isa = PBXFileReference; fileEncoding = 4; lastKnownFileType = sourcecode.swift; path = ExpensesViewController.swift; sourceTree = "<group>"; };
		2CD77F7B1F099EB100342FA9 /* HomeViewController.swift */ = {isa = PBXFileReference; fileEncoding = 4; lastKnownFileType = sourcecode.swift; path = HomeViewController.swift; sourceTree = "<group>"; };
		2CE865911F0AF24500DF8E64 /* ExpenseTableViewCell.swift */ = {isa = PBXFileReference; fileEncoding = 4; lastKnownFileType = sourcecode.swift; path = ExpenseTableViewCell.swift; sourceTree = "<group>"; };
		2CEE07081F577EF200B6D8BA /* ExpenseService.swift */ = {isa = PBXFileReference; fileEncoding = 4; lastKnownFileType = sourcecode.swift; path = ExpenseService.swift; sourceTree = "<group>"; };
		2CF4336A1F097A3B00ECEBC8 /* User.swift */ = {isa = PBXFileReference; fileEncoding = 4; lastKnownFileType = sourcecode.swift; path = User.swift; sourceTree = "<group>"; };
		2CF433721F098AF900ECEBC8 /* AppState.swift */ = {isa = PBXFileReference; fileEncoding = 4; lastKnownFileType = sourcecode.swift; path = AppState.swift; sourceTree = "<group>"; };
		681A2B9920CF45BC006EE991 /* ManageExpenseTypesTableViewController.swift */ = {isa = PBXFileReference; lastKnownFileType = sourcecode.swift; path = ManageExpenseTypesTableViewController.swift; sourceTree = "<group>"; };
		681A2B9C20CF4641006EE991 /* ExpenseTypeTableViewCell.swift */ = {isa = PBXFileReference; lastKnownFileType = sourcecode.swift; path = ExpenseTypeTableViewCell.swift; sourceTree = "<group>"; };
		683F47E320D31C78000A3E39 /* ManageExpenseTypesViewController.swift */ = {isa = PBXFileReference; lastKnownFileType = sourcecode.swift; path = ManageExpenseTypesViewController.swift; sourceTree = "<group>"; };
		6863698320D9CFE70056DCF1 /* WeekStart.swift */ = {isa = PBXFileReference; lastKnownFileType = sourcecode.swift; path = WeekStart.swift; sourceTree = "<group>"; };
		6863698520D9D19C0056DCF1 /* StartDayOfTheWeekTableViewController.swift */ = {isa = PBXFileReference; lastKnownFileType = sourcecode.swift; path = StartDayOfTheWeekTableViewController.swift; sourceTree = "<group>"; };
		68929F7020D573B000E594D0 /* SummaryAggregatesTableViewController.swift */ = {isa = PBXFileReference; lastKnownFileType = sourcecode.swift; path = SummaryAggregatesTableViewController.swift; sourceTree = "<group>"; };
		7C605E117D7C03C5FAB65A19 /* Pods-budget-master-9000-ios.debug.xcconfig */ = {isa = PBXFileReference; includeInIndex = 1; lastKnownFileType = text.xcconfig; name = "Pods-budget-master-9000-ios.debug.xcconfig"; path = "Pods/Target Support Files/Pods-budget-master-9000-ios/Pods-budget-master-9000-ios.debug.xcconfig"; sourceTree = "<group>"; };
/* End PBXFileReference section */

/* Begin PBXFrameworksBuildPhase section */
		2C645B891F0978990011E925 /* Frameworks */ = {
			isa = PBXFrameworksBuildPhase;
			buildActionMask = 2147483647;
			files = (
				8DA948FD9A0CED8DCC7EC3C5 /* Pods_cash_master_9000.framework in Frameworks */,
			);
			runOnlyForDeploymentPostprocessing = 0;
		};
/* End PBXFrameworksBuildPhase section */

/* Begin PBXGroup section */
		2C03ED411F11650700FBABD4 /* summary */ = {
			isa = PBXGroup;
			children = (
				2C77D9CD1F0DB85400CF4F1A /* AggregatesTableViewCell.swift */,
				68929F7020D573B000E594D0 /* SummaryAggregatesTableViewController.swift */,
			);
			name = summary;
			sourceTree = "<group>";
		};
		2C03ED421F11652400FBABD4 /* preferences */ = {
			isa = PBXGroup;
			children = (
				2C03ED3F1F11608400FBABD4 /* MoreTableViewController.swift */,
				2C03ED431F1190E400FBABD4 /* EditSpendingThresholdViewController.swift */,
				6863698320D9CFE70056DCF1 /* WeekStart.swift */,
				6863698520D9D19C0056DCF1 /* StartDayOfTheWeekTableViewController.swift */,
			);
			name = preferences;
			sourceTree = "<group>";
		};
		2C645B831F0978990011E925 = {
			isa = PBXGroup;
			children = (
				2C77D9C91F0D708500CF4F1A /* GoogleService-Info.plist */,
				2C645B8E1F0978990011E925 /* budget-master-9000-ios */,
				2C645B8D1F0978990011E925 /* Products */,
				906191F90DF1602663D48554 /* Pods */,
				7C4B7B9713891CDD3C665DEE /* Frameworks */,
			);
			sourceTree = "<group>";
		};
		2C645B8D1F0978990011E925 /* Products */ = {
			isa = PBXGroup;
			children = (
				2C645B8C1F0978990011E925 /* cash-master-9000.app */,
			);
			name = Products;
			sourceTree = "<group>";
		};
		2C645B8E1F0978990011E925 /* budget-master-9000-ios */ = {
			isa = PBXGroup;
			children = (
				2CA430E21F5B175700307EF7 /* types */,
				2C03ED421F11652400FBABD4 /* preferences */,
				2CE865901F0AF21700DF8E64 /* expense */,
				2C03ED411F11650700FBABD4 /* summary */,
				2CF433711F098AD600ECEBC8 /* user */,
				2CADFAD31F0C106E009081B9 /* component */,
				2CF433661F0978F500ECEBC8 /* ui */,
				2C645B961F0978990011E925 /* Assets.xcassets */,
				2C645B9B1F0978990011E925 /* Info.plist */,
				2C645B8F1F0978990011E925 /* AppDelegate.swift */,
				2CF433721F098AF900ECEBC8 /* AppState.swift */,
				2CD77F7B1F099EB100342FA9 /* HomeViewController.swift */,
				2CA2B4FD1F89920E003DAD87 /* Utils.swift */,
				2CA2B4FF1F899358003DAD87 /* ServiceDelegatable.swift */,
			);
			path = "budget-master-9000-ios";
			sourceTree = "<group>";
		};
		2CA430E21F5B175700307EF7 /* types */ = {
			isa = PBXGroup;
			children = (
				681A2B9B20CF4626006EE991 /* cells */,
				2C7F9C631F5E016B00C675A1 /* ExpenseTypeTheme.swift */,
				2CA430E31F5B176500307EF7 /* ExpenseTypes.swift */,
				681A2B9920CF45BC006EE991 /* ManageExpenseTypesTableViewController.swift */,
				05B4345420D04A5F0096D63F /* CreateNewExpenseTypeViewController.swift */,
				683F47E320D31C78000A3E39 /* ManageExpenseTypesViewController.swift */,
			);
			name = types;
			sourceTree = "<group>";
		};
		2CADFAD31F0C106E009081B9 /* component */ = {
			isa = PBXGroup;
			children = (
				2C50D43A1F130F1200761A10 /* CircleProgressView.swift */,
			);
			name = component;
			sourceTree = "<group>";
		};
		2CE865901F0AF21700DF8E64 /* expense */ = {
			isa = PBXGroup;
			children = (
				2CD77F791F099E3000342FA9 /* ExpensesViewController.swift */,
				2CB7F2401F0ADF5600C62B19 /* Expense.swift */,
				2CE865911F0AF24500DF8E64 /* ExpenseTableViewCell.swift */,
				2CADFACF1F0C073F009081B9 /* CreateExpenseTableViewController.swift */,
				2CEE07081F577EF200B6D8BA /* ExpenseService.swift */,
				2CC000701F5C75650042E3E0 /* ExpenseDetailViewController.swift */,
			);
			name = expense;
			sourceTree = "<group>";
		};
		2CF433661F0978F500ECEBC8 /* ui */ = {
			isa = PBXGroup;
			children = (
				2C645B981F0978990011E925 /* LaunchScreen.storyboard */,
				2C50D4361F12A4F300761A10 /* TabCarController.swift */,
				2C645B931F0978990011E925 /* Main.storyboard */,
				2CADFACB1F0BFC2A009081B9 /* Colors.swift */,
				2C50D4341F12970300761A10 /* BaseViewController.swift */,
			);
			name = ui;
			sourceTree = "<group>";
		};
		2CF433711F098AD600ECEBC8 /* user */ = {
			isa = PBXGroup;
			children = (
				2CF4336A1F097A3B00ECEBC8 /* User.swift */,
			);
			name = user;
			sourceTree = "<group>";
		};
		681A2B9B20CF4626006EE991 /* cells */ = {
			isa = PBXGroup;
			children = (
				681A2B9C20CF4641006EE991 /* ExpenseTypeTableViewCell.swift */,
			);
			name = cells;
			sourceTree = "<group>";
		};
		7C4B7B9713891CDD3C665DEE /* Frameworks */ = {
			isa = PBXGroup;
			children = (
				03540B88AEF135D71938516B /* Pods_cash_master_9000.framework */,
			);
			name = Frameworks;
			sourceTree = "<group>";
		};
		906191F90DF1602663D48554 /* Pods */ = {
			isa = PBXGroup;
			children = (
				7C605E117D7C03C5FAB65A19 /* Pods-budget-master-9000-ios.debug.xcconfig */,
				1137FDCE7721ACD27634FF57 /* Pods-budget-master-9000-ios.release.xcconfig */,
				0A93A1C1F2D524B4D0541F3D /* Pods-cash-master-9000.debug.xcconfig */,
				1480C6A83B20DE5609510851 /* Pods-cash-master-9000.release.xcconfig */,
			);
			name = Pods;
			sourceTree = "<group>";
		};
/* End PBXGroup section */

/* Begin PBXNativeTarget section */
		2C645B8B1F0978990011E925 /* cash-master-9000 */ = {
			isa = PBXNativeTarget;
			buildConfigurationList = 2C645B9E1F0978990011E925 /* Build configuration list for PBXNativeTarget "cash-master-9000" */;
			buildPhases = (
				1CD170DCD56B0021D7C30022 /* [CP] Check Pods Manifest.lock */,
				2C645B881F0978990011E925 /* Sources */,
				2C645B891F0978990011E925 /* Frameworks */,
				2C645B8A1F0978990011E925 /* Resources */,
				F7038A0892E307903040ACDA /* [CP] Embed Pods Frameworks */,
			);
			buildRules = (
			);
			dependencies = (
			);
			name = "cash-master-9000";
			productName = "budget-master-9000-ios";
			productReference = 2C645B8C1F0978990011E925 /* cash-master-9000.app */;
			productType = "com.apple.product-type.application";
		};
/* End PBXNativeTarget section */

/* Begin PBXProject section */
		2C645B841F0978990011E925 /* Project object */ = {
			isa = PBXProject;
			attributes = {
				LastSwiftUpdateCheck = 0830;
				LastUpgradeCheck = 0830;
				ORGANIZATIONNAME = "Bud Manstrong";
				TargetAttributes = {
					2C645B8B1F0978990011E925 = {
						CreatedOnToolsVersion = 8.3.3;
						DevelopmentTeam = 8CAFRP4KNJ;
						ProvisioningStyle = Automatic;
					};
				};
			};
			buildConfigurationList = 2C645B871F0978990011E925 /* Build configuration list for PBXProject "cash-master-9000" */;
			compatibilityVersion = "Xcode 3.2";
			developmentRegion = English;
			hasScannedForEncodings = 0;
			knownRegions = (
				en,
				Base,
			);
			mainGroup = 2C645B831F0978990011E925;
			productRefGroup = 2C645B8D1F0978990011E925 /* Products */;
			projectDirPath = "";
			projectRoot = "";
			targets = (
				2C645B8B1F0978990011E925 /* cash-master-9000 */,
			);
		};
/* End PBXProject section */

/* Begin PBXResourcesBuildPhase section */
		2C645B8A1F0978990011E925 /* Resources */ = {
			isa = PBXResourcesBuildPhase;
			buildActionMask = 2147483647;
			files = (
				2C645B9A1F0978990011E925 /* LaunchScreen.storyboard in Resources */,
				2C77D9CA1F0D708500CF4F1A /* GoogleService-Info.plist in Resources */,
				2C645B971F0978990011E925 /* Assets.xcassets in Resources */,
				2C645B951F0978990011E925 /* Main.storyboard in Resources */,
			);
			runOnlyForDeploymentPostprocessing = 0;
		};
/* End PBXResourcesBuildPhase section */

/* Begin PBXShellScriptBuildPhase section */
		1CD170DCD56B0021D7C30022 /* [CP] Check Pods Manifest.lock */ = {
			isa = PBXShellScriptBuildPhase;
			buildActionMask = 2147483647;
			files = (
			);
			inputPaths = (
				"${PODS_PODFILE_DIR_PATH}/Podfile.lock",
				"${PODS_ROOT}/Manifest.lock",
			);
			name = "[CP] Check Pods Manifest.lock";
			outputPaths = (
				"$(DERIVED_FILE_DIR)/Pods-cash-master-9000-checkManifestLockResult.txt",
			);
			runOnlyForDeploymentPostprocessing = 0;
			shellPath = /bin/sh;
			shellScript = "diff \"${PODS_PODFILE_DIR_PATH}/Podfile.lock\" \"${PODS_ROOT}/Manifest.lock\" > /dev/null\nif [ $? != 0 ] ; then\n    # print error to STDERR\n    echo \"error: The sandbox is not in sync with the Podfile.lock. Run 'pod install' or update your CocoaPods installation.\" >&2\n    exit 1\nfi\n# This output is used by Xcode 'outputs' to avoid re-running this script phase.\necho \"SUCCESS\" > \"${SCRIPT_OUTPUT_FILE_0}\"\n";
			showEnvVarsInLog = 0;
		};
		F7038A0892E307903040ACDA /* [CP] Embed Pods Frameworks */ = {
			isa = PBXShellScriptBuildPhase;
			buildActionMask = 2147483647;
			files = (
			);
			inputPaths = (
				"${SRCROOT}/Pods/Target Support Files/Pods-cash-master-9000/Pods-cash-master-9000-frameworks.sh",
				"${BUILT_PRODUCTS_DIR}/Alamofire/Alamofire.framework",
				"${BUILT_PRODUCTS_DIR}/Realm/Realm.framework",
				"${BUILT_PRODUCTS_DIR}/RealmSwift/RealmSwift.framework",
			);
			name = "[CP] Embed Pods Frameworks";
			outputPaths = (
				"${TARGET_BUILD_DIR}/${FRAMEWORKS_FOLDER_PATH}/Alamofire.framework",
				"${TARGET_BUILD_DIR}/${FRAMEWORKS_FOLDER_PATH}/Realm.framework",
				"${TARGET_BUILD_DIR}/${FRAMEWORKS_FOLDER_PATH}/RealmSwift.framework",
			);
			runOnlyForDeploymentPostprocessing = 0;
			shellPath = /bin/sh;
			shellScript = "\"${SRCROOT}/Pods/Target Support Files/Pods-cash-master-9000/Pods-cash-master-9000-frameworks.sh\"\n";
			showEnvVarsInLog = 0;
		};
/* End PBXShellScriptBuildPhase section */

/* Begin PBXSourcesBuildPhase section */
		2C645B881F0978990011E925 /* Sources */ = {
			isa = PBXSourcesBuildPhase;
			buildActionMask = 2147483647;
			files = (
				2CC000711F5C75650042E3E0 /* ExpenseDetailViewController.swift in Sources */,
				2CEE07091F577EF200B6D8BA /* ExpenseService.swift in Sources */,
				2C77D9CE1F0DB85400CF4F1A /* AggregatesTableViewCell.swift in Sources */,
				68929F7120D573B000E594D0 /* SummaryAggregatesTableViewController.swift in Sources */,
				2C03ED401F11608400FBABD4 /* MoreTableViewController.swift in Sources */,
				2CADFACC1F0BFC2A009081B9 /* Colors.swift in Sources */,
				2CD77F7A1F099E3000342FA9 /* ExpensesViewController.swift in Sources */,
				2CA2B5001F899358003DAD87 /* ServiceDelegatable.swift in Sources */,
				2CA430E41F5B176500307EF7 /* ExpenseTypes.swift in Sources */,
				2C50D4351F12970300761A10 /* BaseViewController.swift in Sources */,
				2C50D4371F12A4F300761A10 /* TabCarController.swift in Sources */,
				683F47E420D31C78000A3E39 /* ManageExpenseTypesViewController.swift in Sources */,
				2CADFAD01F0C073F009081B9 /* CreateExpenseTableViewController.swift in Sources */,
				2CF433731F098AF900ECEBC8 /* AppState.swift in Sources */,
				2CE865921F0AF24500DF8E64 /* ExpenseTableViewCell.swift in Sources */,
				2CF4336B1F097A3B00ECEBC8 /* User.swift in Sources */,
				2CA2B4FE1F89920E003DAD87 /* Utils.swift in Sources */,
				2C03ED441F1190E400FBABD4 /* EditSpendingThresholdViewController.swift in Sources */,
				2CB7F2411F0ADF5600C62B19 /* Expense.swift in Sources */,
				2C645B901F0978990011E925 /* AppDelegate.swift in Sources */,
				2C7F9C641F5E016B00C675A1 /* ExpenseTypeTheme.swift in Sources */,
				681A2B9A20CF45BC006EE991 /* ManageExpenseTypesTableViewController.swift in Sources */,
				6863698620D9D19C0056DCF1 /* StartDayOfTheWeekTableViewController.swift in Sources */,
				6863698420D9CFE70056DCF1 /* WeekStart.swift in Sources */,
				05B4345520D04A5F0096D63F /* CreateNewExpenseTypeViewController.swift in Sources */,
				2CD77F7C1F099EB100342FA9 /* HomeViewController.swift in Sources */,
				681A2B9D20CF4641006EE991 /* ExpenseTypeTableViewCell.swift in Sources */,
				2C50D43B1F130F1200761A10 /* CircleProgressView.swift in Sources */,
			);
			runOnlyForDeploymentPostprocessing = 0;
		};
/* End PBXSourcesBuildPhase section */

/* Begin PBXVariantGroup section */
		2C645B931F0978990011E925 /* Main.storyboard */ = {
			isa = PBXVariantGroup;
			children = (
				2C645B941F0978990011E925 /* Base */,
			);
			name = Main.storyboard;
			sourceTree = "<group>";
		};
		2C645B981F0978990011E925 /* LaunchScreen.storyboard */ = {
			isa = PBXVariantGroup;
			children = (
				2C645B991F0978990011E925 /* Base */,
			);
			name = LaunchScreen.storyboard;
			sourceTree = "<group>";
		};
/* End PBXVariantGroup section */

/* Begin XCBuildConfiguration section */
		2C645B9C1F0978990011E925 /* Debug */ = {
			isa = XCBuildConfiguration;
			buildSettings = {
				ALWAYS_SEARCH_USER_PATHS = NO;
				CLANG_ANALYZER_NONNULL = YES;
				CLANG_ANALYZER_NUMBER_OBJECT_CONVERSION = YES_AGGRESSIVE;
				CLANG_CXX_LANGUAGE_STANDARD = "gnu++0x";
				CLANG_CXX_LIBRARY = "libc++";
				CLANG_ENABLE_MODULES = YES;
				CLANG_ENABLE_OBJC_ARC = YES;
				CLANG_WARN_BOOL_CONVERSION = YES;
				CLANG_WARN_CONSTANT_CONVERSION = YES;
				CLANG_WARN_DIRECT_OBJC_ISA_USAGE = YES_ERROR;
				CLANG_WARN_DOCUMENTATION_COMMENTS = YES;
				CLANG_WARN_EMPTY_BODY = YES;
				CLANG_WARN_ENUM_CONVERSION = YES;
				CLANG_WARN_INFINITE_RECURSION = YES;
				CLANG_WARN_INT_CONVERSION = YES;
				CLANG_WARN_OBJC_ROOT_CLASS = YES_ERROR;
				CLANG_WARN_SUSPICIOUS_MOVE = YES;
				CLANG_WARN_UNREACHABLE_CODE = YES;
				CLANG_WARN__DUPLICATE_METHOD_MATCH = YES;
				"CODE_SIGN_IDENTITY[sdk=iphoneos*]" = "iPhone Developer";
				COPY_PHASE_STRIP = NO;
				DEBUG_INFORMATION_FORMAT = dwarf;
				ENABLE_STRICT_OBJC_MSGSEND = YES;
				ENABLE_TESTABILITY = YES;
				GCC_C_LANGUAGE_STANDARD = gnu99;
				GCC_DYNAMIC_NO_PIC = NO;
				GCC_NO_COMMON_BLOCKS = YES;
				GCC_OPTIMIZATION_LEVEL = 0;
				GCC_PREPROCESSOR_DEFINITIONS = (
					"DEBUG=1",
					"$(inherited)",
				);
				GCC_WARN_64_TO_32_BIT_CONVERSION = YES;
				GCC_WARN_ABOUT_RETURN_TYPE = YES_ERROR;
				GCC_WARN_UNDECLARED_SELECTOR = YES;
				GCC_WARN_UNINITIALIZED_AUTOS = YES_AGGRESSIVE;
				GCC_WARN_UNUSED_FUNCTION = YES;
				GCC_WARN_UNUSED_VARIABLE = YES;
				IPHONEOS_DEPLOYMENT_TARGET = 9.1;
				MTL_ENABLE_DEBUG_INFO = YES;
				ONLY_ACTIVE_ARCH = YES;
				SDKROOT = iphoneos;
				SWIFT_ACTIVE_COMPILATION_CONDITIONS = DEBUG;
				SWIFT_OPTIMIZATION_LEVEL = "-Onone";
			};
			name = Debug;
		};
		2C645B9D1F0978990011E925 /* Release */ = {
			isa = XCBuildConfiguration;
			buildSettings = {
				ALWAYS_SEARCH_USER_PATHS = NO;
				CLANG_ANALYZER_NONNULL = YES;
				CLANG_ANALYZER_NUMBER_OBJECT_CONVERSION = YES_AGGRESSIVE;
				CLANG_CXX_LANGUAGE_STANDARD = "gnu++0x";
				CLANG_CXX_LIBRARY = "libc++";
				CLANG_ENABLE_MODULES = YES;
				CLANG_ENABLE_OBJC_ARC = YES;
				CLANG_WARN_BOOL_CONVERSION = YES;
				CLANG_WARN_CONSTANT_CONVERSION = YES;
				CLANG_WARN_DIRECT_OBJC_ISA_USAGE = YES_ERROR;
				CLANG_WARN_DOCUMENTATION_COMMENTS = YES;
				CLANG_WARN_EMPTY_BODY = YES;
				CLANG_WARN_ENUM_CONVERSION = YES;
				CLANG_WARN_INFINITE_RECURSION = YES;
				CLANG_WARN_INT_CONVERSION = YES;
				CLANG_WARN_OBJC_ROOT_CLASS = YES_ERROR;
				CLANG_WARN_SUSPICIOUS_MOVE = YES;
				CLANG_WARN_UNREACHABLE_CODE = YES;
				CLANG_WARN__DUPLICATE_METHOD_MATCH = YES;
				"CODE_SIGN_IDENTITY[sdk=iphoneos*]" = "iPhone Developer";
				COPY_PHASE_STRIP = NO;
				DEBUG_INFORMATION_FORMAT = "dwarf-with-dsym";
				ENABLE_NS_ASSERTIONS = NO;
				ENABLE_STRICT_OBJC_MSGSEND = YES;
				GCC_C_LANGUAGE_STANDARD = gnu99;
				GCC_NO_COMMON_BLOCKS = YES;
				GCC_WARN_64_TO_32_BIT_CONVERSION = YES;
				GCC_WARN_ABOUT_RETURN_TYPE = YES_ERROR;
				GCC_WARN_UNDECLARED_SELECTOR = YES;
				GCC_WARN_UNINITIALIZED_AUTOS = YES_AGGRESSIVE;
				GCC_WARN_UNUSED_FUNCTION = YES;
				GCC_WARN_UNUSED_VARIABLE = YES;
				IPHONEOS_DEPLOYMENT_TARGET = 9.1;
				MTL_ENABLE_DEBUG_INFO = NO;
				SDKROOT = iphoneos;
				SWIFT_OPTIMIZATION_LEVEL = "-Owholemodule";
				VALIDATE_PRODUCT = YES;
			};
			name = Release;
		};
		2C645B9F1F0978990011E925 /* Debug */ = {
			isa = XCBuildConfiguration;
			baseConfigurationReference = 0A93A1C1F2D524B4D0541F3D /* Pods-cash-master-9000.debug.xcconfig */;
			buildSettings = {
				ASSETCATALOG_COMPILER_APPICON_NAME = AppIcon;
				DEVELOPMENT_TEAM = 8CAFRP4KNJ;
				INFOPLIST_FILE = "budget-master-9000-ios/Info.plist";
				LD_RUNPATH_SEARCH_PATHS = "$(inherited) @executable_path/Frameworks";
				PRODUCT_BUNDLE_IDENTIFIER = "com.budmanstrong.budget-master-9000-ios";
				PRODUCT_NAME = "$(TARGET_NAME)";
				SWIFT_VERSION = 3.0;
			};
			name = Debug;
		};
		2C645BA01F0978990011E925 /* Release */ = {
			isa = XCBuildConfiguration;
			baseConfigurationReference = 1480C6A83B20DE5609510851 /* Pods-cash-master-9000.release.xcconfig */;
			buildSettings = {
				ASSETCATALOG_COMPILER_APPICON_NAME = AppIcon;
				DEVELOPMENT_TEAM = 8CAFRP4KNJ;
				INFOPLIST_FILE = "budget-master-9000-ios/Info.plist";
				LD_RUNPATH_SEARCH_PATHS = "$(inherited) @executable_path/Frameworks";
				PRODUCT_BUNDLE_IDENTIFIER = "com.budmanstrong.budget-master-9000-ios";
				PRODUCT_NAME = "$(TARGET_NAME)";
				SWIFT_VERSION = 3.0;
			};
			name = Release;
		};
/* End XCBuildConfiguration section */

/* Begin XCConfigurationList section */
		2C645B871F0978990011E925 /* Build configuration list for PBXProject "cash-master-9000" */ = {
			isa = XCConfigurationList;
			buildConfigurations = (
				2C645B9C1F0978990011E925 /* Debug */,
				2C645B9D1F0978990011E925 /* Release */,
			);
			defaultConfigurationIsVisible = 0;
			defaultConfigurationName = Release;
		};
		2C645B9E1F0978990011E925 /* Build configuration list for PBXNativeTarget "cash-master-9000" */ = {
			isa = XCConfigurationList;
			buildConfigurations = (
				2C645B9F1F0978990011E925 /* Debug */,
				2C645BA01F0978990011E925 /* Release */,
			);
			defaultConfigurationIsVisible = 0;
			defaultConfigurationName = Release;
		};
/* End XCConfigurationList section */
	};
	rootObject = 2C645B841F0978990011E925 /* Project object */;
}
